
Microsoft Visual Studio Solution File, Format Version 12.00
# Visual Studio 15
VisualStudioVersion = 15.0.27130.2027
MinimumVisualStudioVersion = 10.0.40219.1
Project("{9A19103F-16F7-4668-BE54-9A1E7A4F7556}") = "Snake.App", "App\Snake.App.csproj", "{4284324E-A103-4FCA-BECB-4F0D57BB3AE3}"
EndProject
Project("{9A19103F-16F7-4668-BE54-9A1E7A4F7556}") = "Snake.App.Models", "Models\Snake.App.Models.csproj", "{55A77DB6-3657-4604-B1B5-33D18CD718B0}"
EndProject
Project("{FAE04EC0-301F-11D3-BF4B-00C04F79EFBC}") = "Snake.Models", "SnakeDb.Models\Snake.Models.csproj", "{D6218E16-CA78-4791-B139-EB8C7844C698}"
EndProject
Project("{FAE04EC0-301F-11D3-BF4B-00C04F79EFBC}") = "Snake.Data", "Snake.Data\Snake.Data.csproj", "{81E510C0-181B-4A3D-89E9-AAFFA5C137D4}"
EndProject
Global
	GlobalSection(SolutionConfigurationPlatforms) = preSolution
		Debug|Any CPU = Debug|Any CPU
		Release|Any CPU = Release|Any CPU
	EndGlobalSection
	GlobalSection(ProjectConfigurationPlatforms) = postSolution
		{4284324E-A103-4FCA-BECB-4F0D57BB3AE3}.Debug|Any CPU.ActiveCfg = Debug|Any CPU
		{4284324E-A103-4FCA-BECB-4F0D57BB3AE3}.Debug|Any CPU.Build.0 = Debug|Any CPU
		{4284324E-A103-4FCA-BECB-4F0D57BB3AE3}.Release|Any CPU.ActiveCfg = Release|Any CPU
		{4284324E-A103-4FCA-BECB-4F0D57BB3AE3}.Release|Any CPU.Build.0 = Release|Any CPU
		{55A77DB6-3657-4604-B1B5-33D18CD718B0}.Debug|Any CPU.ActiveCfg = Debug|Any CPU
		{55A77DB6-3657-4604-B1B5-33D18CD718B0}.Debug|Any CPU.Build.0 = Debug|Any CPU
		{55A77DB6-3657-4604-B1B5-33D18CD718B0}.Release|Any CPU.ActiveCfg = Release|Any CPU
		{55A77DB6-3657-4604-B1B5-33D18CD718B0}.Release|Any CPU.Build.0 = Release|Any CPU
		{D6218E16-CA78-4791-B139-EB8C7844C698}.Debug|Any CPU.ActiveCfg = Debug|Any CPU
		{D6218E16-CA78-4791-B139-EB8C7844C698}.Debug|Any CPU.Build.0 = Debug|Any CPU
		{D6218E16-CA78-4791-B139-EB8C7844C698}.Release|Any CPU.ActiveCfg = Release|Any CPU
		{D6218E16-CA78-4791-B139-EB8C7844C698}.Release|Any CPU.Build.0 = Release|Any CPU
		{81E510C0-181B-4A3D-89E9-AAFFA5C137D4}.Debug|Any CPU.ActiveCfg = Debug|Any CPU
		{81E510C0-181B-4A3D-89E9-AAFFA5C137D4}.Debug|Any CPU.Build.0 = Debug|Any CPU
		{81E510C0-181B-4A3D-89E9-AAFFA5C137D4}.Release|Any CPU.ActiveCfg = Release|Any CPU
		{81E510C0-181B-4A3D-89E9-AAFFA5C137D4}.Release|Any CPU.Build.0 = Release|Any CPU
	EndGlobalSection
	GlobalSection(SolutionProperties) = preSolution
		HideSolutionNode = FALSE
	EndGlobalSection
	GlobalSection(ExtensibilityGlobals) = postSolution
		SolutionGuid = {D8BFAFC5-5D68-4B92-B48E-241AE864306D}
	EndGlobalSection
EndGlobal
